
Microsoft Visual Studio Solution File, Format Version 12.00
# Visual Studio Version 17
VisualStudioVersion = 17.8.34316.72
MinimumVisualStudioVersion = 10.0.40219.1
Project("{9A19103F-16F7-4668-BE54-9A1E7A4F7556}") = "csharp.learm", "csharp.learm\csharp.learm.csproj", "{31E48C3C-7E4C-4050-A05C-A47413EF0311}"
EndProject
Project("{9A19103F-16F7-4668-BE54-9A1E7A4F7556}") = "RabbitMQ.Demo.Client", "RabbitMQ.Demo.Client\RabbitMQ.Demo.Client.csproj", "{B2485EA4-1B7E-4015-9697-78C599C54407}"
EndProject
Project("{9A19103F-16F7-4668-BE54-9A1E7A4F7556}") = "RabbitMQ.Demo.Service", "RabbitMQ.Demo.Service\RabbitMQ.Demo.Service.csproj", "{E785BCE8-44FE-47AB-873B-B9ADB0730361}"
EndProject
Project("{FAE04EC0-301F-11D3-BF4B-00C04F79EFBC}") = "orgTress", "orgTress\orgTress.csproj", "{6A8B5D6E-5AE9-4780-9C92-CF65721B96DD}"
EndProject
Global
	GlobalSection(SolutionConfigurationPlatforms) = preSolution
		Debug|Any CPU = Debug|Any CPU
		Release|Any CPU = Release|Any CPU
	EndGlobalSection
	GlobalSection(ProjectConfigurationPlatforms) = postSolution
		{31E48C3C-7E4C-4050-A05C-A47413EF0311}.Debug|Any CPU.ActiveCfg = Debug|Any CPU
		{31E48C3C-7E4C-4050-A05C-A47413EF0311}.Debug|Any CPU.Build.0 = Debug|Any CPU
		{31E48C3C-7E4C-4050-A05C-A47413EF0311}.Release|Any CPU.ActiveCfg = Release|Any CPU
		{31E48C3C-7E4C-4050-A05C-A47413EF0311}.Release|Any CPU.Build.0 = Release|Any CPU
		{B2485EA4-1B7E-4015-9697-78C599C54407}.Debug|Any CPU.ActiveCfg = Debug|Any CPU
		{B2485EA4-1B7E-4015-9697-78C599C54407}.Debug|Any CPU.Build.0 = Debug|Any CPU
		{B2485EA4-1B7E-4015-9697-78C599C54407}.Release|Any CPU.ActiveCfg = Release|Any CPU
		{B2485EA4-1B7E-4015-9697-78C599C54407}.Release|Any CPU.Build.0 = Release|Any CPU
		{E785BCE8-44FE-47AB-873B-B9ADB0730361}.Debug|Any CPU.ActiveCfg = Debug|Any CPU
		{E785BCE8-44FE-47AB-873B-B9ADB0730361}.Debug|Any CPU.Build.0 = Debug|Any CPU
		{E785BCE8-44FE-47AB-873B-B9ADB0730361}.Release|Any CPU.ActiveCfg = Release|Any CPU
		{E785BCE8-44FE-47AB-873B-B9ADB0730361}.Release|Any CPU.Build.0 = Release|Any CPU
		{6A8B5D6E-5AE9-4780-9C92-CF65721B96DD}.Debug|Any CPU.ActiveCfg = Debug|Any CPU
		{6A8B5D6E-5AE9-4780-9C92-CF65721B96DD}.Debug|Any CPU.Build.0 = Debug|Any CPU
		{6A8B5D6E-5AE9-4780-9C92-CF65721B96DD}.Release|Any CPU.ActiveCfg = Release|Any CPU
		{6A8B5D6E-5AE9-4780-9C92-CF65721B96DD}.Release|Any CPU.Build.0 = Release|Any CPU
	EndGlobalSection
	GlobalSection(SolutionProperties) = preSolution
		HideSolutionNode = FALSE
	EndGlobalSection
	GlobalSection(ExtensibilityGlobals) = postSolution
		SolutionGuid = {6826D689-BC3E-4735-9D8A-25F2B6EC09D1}
	EndGlobalSection
EndGlobal
