
Microsoft Visual Studio Solution File, Format Version 12.00
# Visual Studio Version 17
VisualStudioVersion = 17.8.34316.72
MinimumVisualStudioVersion = 10.0.40219.1
Project("{FAE04EC0-301F-11D3-BF4B-00C04F79EFBC}") = "csharp.learm", "csharp.learm\csharp.learm.csproj", "{31E48C3C-7E4C-4050-A05C-A47413EF0311}"
EndProject
Global
	GlobalSection(SolutionConfigurationPlatforms) = preSolution
		Debug|Any CPU = Debug|Any CPU
		Release|Any CPU = Release|Any CPU
	EndGlobalSection
	GlobalSection(ProjectConfigurationPlatforms) = postSolution
		{31E48C3C-7E4C-4050-A05C-A47413EF0311}.Debug|Any CPU.ActiveCfg = Debug|Any CPU
		{31E48C3C-7E4C-4050-A05C-A47413EF0311}.Debug|Any CPU.Build.0 = Debug|Any CPU
		{31E48C3C-7E4C-4050-A05C-A47413EF0311}.Release|Any CPU.ActiveCfg = Release|Any CPU
		{31E48C3C-7E4C-4050-A05C-A47413EF0311}.Release|Any CPU.Build.0 = Release|Any CPU
	EndGlobalSection
	GlobalSection(SolutionProperties) = preSolution
		HideSolutionNode = FALSE
	EndGlobalSection
	GlobalSection(ExtensibilityGlobals) = postSolution
		SolutionGuid = {6826D689-BC3E-4735-9D8A-25F2B6EC09D1}
	EndGlobalSection
EndGlobal
